{
  "object": {
    "pins": [
      {
        "package": "SwiftRs",
        "repositoryURL": "https://github.com/brendonovich/swift-rs",
        "state": {
          "branch": null,
          "revision": "833e29ba333f1dfe303eaa21de78c4f8c5a3f2ff",
          "version": null
        }
      }
    ]
  },
  "version": 1
}
