{
  "object": {
    "pins": [
      {
        "package": "SwiftRs",
        "repositoryURL": "https://github.com/brendonovich/swift-rs",
        "state": {
          "branch": null,
          "revision": "cbb9b96b6036108e76879713e910c05bc9e145c7",
          "version": "1.0.1"
        }
      }
    ]
  },
  "version": 1
}
