PODS:
  - boost (1.76.0)
  - DoubleConversion (1.1.6)
  - EXApplication (5.3.0):
    - ExpoModulesCore
  - EXConstants (14.4.2):
    - ExpoModulesCore
  - EXFileSystem (15.4.3):
    - ExpoModulesCore
  - EXFont (11.4.0):
    - ExpoModulesCore
  - EXMediaLibrary (15.4.1):
    - ExpoModulesCore
    - RCT-Folly (= 2021.07.22.00)
    - React-Core
  - Expo (49.0.8):
    - ExpoModulesCore
  - ExpoKeepAwake (12.3.0):
    - ExpoModulesCore
  - ExpoModulesCore (1.5.10):
    - RCT-Folly (= 2021.07.22.00)
    - React-Core
    - React-NativeModulesApple
    - React-RCTAppDelegate
    - ReactCommon/turbomodule/core
  - EXSplashScreen (0.20.4):
    - ExpoModulesCore
    - RCT-Folly (= 2021.07.22.00)
    - React-Core
  - FBLazyVector (0.72.4)
  - FBReactNativeSpec (0.72.4):
    - RCT-Folly (= 2021.07.22.00)
    - RCTRequired (= 0.72.4)
    - RCTTypeSafety (= 0.72.4)
    - React-Core (= 0.72.4)
    - React-jsi (= 0.72.4)
    - ReactCommon/turbomodule/core (= 0.72.4)
  - fmt (6.2.1)
  - glog (0.3.5)
  - hermes-engine (0.72.4):
    - hermes-engine/Pre-built (= 0.72.4)
  - hermes-engine/Pre-built (0.72.4)
  - libevent (2.1.12)
  - lottie-ios (4.2.0)
  - lottie-react-native (6.2.0):
    - lottie-ios (~> 4.2.0)
    - React-Core
  - RCT-Folly (2021.07.22.00):
    - boost
    - DoubleConversion
    - fmt (~> 6.2.1)
    - glog
    - RCT-Folly/Default (= 2021.07.22.00)
  - RCT-Folly/Default (2021.07.22.00):
    - boost
    - DoubleConversion
    - fmt (~> 6.2.1)
    - glog
  - RCT-Folly/Futures (2021.07.22.00):
    - boost
    - DoubleConversion
    - fmt (~> 6.2.1)
    - glog
    - libevent
  - RCTRequired (0.72.4)
  - RCTTypeSafety (0.72.4):
    - FBLazyVector (= 0.72.4)
    - RCTRequired (= 0.72.4)
    - React-Core (= 0.72.4)
  - React (0.72.4):
    - React-Core (= 0.72.4)
    - React-Core/DevSupport (= 0.72.4)
    - React-Core/RCTWebSocket (= 0.72.4)
    - React-RCTActionSheet (= 0.72.4)
    - React-RCTAnimation (= 0.72.4)
    - React-RCTBlob (= 0.72.4)
    - React-RCTImage (= 0.72.4)
    - React-RCTLinking (= 0.72.4)
    - React-RCTNetwork (= 0.72.4)
    - React-RCTSettings (= 0.72.4)
    - React-RCTText (= 0.72.4)
    - React-RCTVibration (= 0.72.4)
  - React-callinvoker (0.72.4)
  - React-Codegen (0.72.4):
    - DoubleConversion
    - FBReactNativeSpec
    - glog
    - hermes-engine
    - RCT-Folly
    - RCTRequired
    - RCTTypeSafety
    - React-Core
    - React-jsi
    - React-jsiexecutor
    - React-NativeModulesApple
    - React-rncore
    - ReactCommon/turbomodule/bridging
    - ReactCommon/turbomodule/core
  - React-Core (0.72.4):
    - glog
    - hermes-engine
    - RCT-Folly (= 2021.07.22.00)
    - React-Core/Default (= 0.72.4)
    - React-cxxreact
    - React-hermes
    - React-jsi
    - React-jsiexecutor
    - React-perflogger
    - React-runtimeexecutor
    - React-utils
    - SocketRocket (= 0.6.1)
    - Yoga
  - React-Core/CoreModulesHeaders (0.72.4):
    - glog
    - hermes-engine
    - RCT-Folly (= 2021.07.22.00)
    - React-Core/Default
    - React-cxxreact
    - React-hermes
    - React-jsi
    - React-jsiexecutor
    - React-perflogger
    - React-runtimeexecutor
    - React-utils
    - SocketRocket (= 0.6.1)
    - Yoga
  - React-Core/Default (0.72.4):
    - glog
    - hermes-engine
    - RCT-Folly (= 2021.07.22.00)
    - React-cxxreact
    - React-hermes
    - React-jsi
    - React-jsiexecutor
    - React-perflogger
    - React-runtimeexecutor
    - React-utils
    - SocketRocket (= 0.6.1)
    - Yoga
  - React-Core/DevSupport (0.72.4):
    - glog
    - hermes-engine
    - RCT-Folly (= 2021.07.22.00)
    - React-Core/Default (= 0.72.4)
    - React-Core/RCTWebSocket (= 0.72.4)
    - React-cxxreact
    - React-hermes
    - React-jsi
    - React-jsiexecutor
    - React-jsinspector (= 0.72.4)
    - React-perflogger
    - React-runtimeexecutor
    - React-utils
    - SocketRocket (= 0.6.1)
    - Yoga
  - React-Core/RCTActionSheetHeaders (0.72.4):
    - glog
    - hermes-engine
    - RCT-Folly (= 2021.07.22.00)
    - React-Core/Default
    - React-cxxreact
    - React-hermes
    - React-jsi
    - React-jsiexecutor
    - React-perflogger
    - React-runtimeexecutor
    - React-utils
    - SocketRocket (= 0.6.1)
    - Yoga
  - React-Core/RCTAnimationHeaders (0.72.4):
    - glog
    - hermes-engine
    - RCT-Folly (= 2021.07.22.00)
    - React-Core/Default
    - React-cxxreact
    - React-hermes
    - React-jsi
    - React-jsiexecutor
    - React-perflogger
    - React-runtimeexecutor
    - React-utils
    - SocketRocket (= 0.6.1)
    - Yoga
  - React-Core/RCTBlobHeaders (0.72.4):
    - glog
    - hermes-engine
    - RCT-Folly (= 2021.07.22.00)
    - React-Core/Default
    - React-cxxreact
    - React-hermes
    - React-jsi
    - React-jsiexecutor
    - React-perflogger
    - React-runtimeexecutor
    - React-utils
    - SocketRocket (= 0.6.1)
    - Yoga
  - React-Core/RCTImageHeaders (0.72.4):
    - glog
    - hermes-engine
    - RCT-Folly (= 2021.07.22.00)
    - React-Core/Default
    - React-cxxreact
    - React-hermes
    - React-jsi
    - React-jsiexecutor
    - React-perflogger
    - React-runtimeexecutor
    - React-utils
    - SocketRocket (= 0.6.1)
    - Yoga
  - React-Core/RCTLinkingHeaders (0.72.4):
    - glog
    - hermes-engine
    - RCT-Folly (= 2021.07.22.00)
    - React-Core/Default
    - React-cxxreact
    - React-hermes
    - React-jsi
    - React-jsiexecutor
    - React-perflogger
    - React-runtimeexecutor
    - React-utils
    - SocketRocket (= 0.6.1)
    - Yoga
  - React-Core/RCTNetworkHeaders (0.72.4):
    - glog
    - hermes-engine
    - RCT-Folly (= 2021.07.22.00)
    - React-Core/Default
    - React-cxxreact
    - React-hermes
    - React-jsi
    - React-jsiexecutor
    - React-perflogger
    - React-runtimeexecutor
    - React-utils
    - SocketRocket (= 0.6.1)
    - Yoga
  - React-Core/RCTSettingsHeaders (0.72.4):
    - glog
    - hermes-engine
    - RCT-Folly (= 2021.07.22.00)
    - React-Core/Default
    - React-cxxreact
    - React-hermes
    - React-jsi
    - React-jsiexecutor
    - React-perflogger
    - React-runtimeexecutor
    - React-utils
    - SocketRocket (= 0.6.1)
    - Yoga
  - React-Core/RCTTextHeaders (0.72.4):
    - glog
    - hermes-engine
    - RCT-Folly (= 2021.07.22.00)
    - React-Core/Default
    - React-cxxreact
    - React-hermes
    - React-jsi
    - React-jsiexecutor
    - React-perflogger
    - React-runtimeexecutor
    - React-utils
    - SocketRocket (= 0.6.1)
    - Yoga
  - React-Core/RCTVibrationHeaders (0.72.4):
    - glog
    - hermes-engine
    - RCT-Folly (= 2021.07.22.00)
    - React-Core/Default
    - React-cxxreact
    - React-hermes
    - React-jsi
    - React-jsiexecutor
    - React-perflogger
    - React-runtimeexecutor
    - React-utils
    - SocketRocket (= 0.6.1)
    - Yoga
  - React-Core/RCTWebSocket (0.72.4):
    - glog
    - hermes-engine
    - RCT-Folly (= 2021.07.22.00)
    - React-Core/Default (= 0.72.4)
    - React-cxxreact
    - React-hermes
    - React-jsi
    - React-jsiexecutor
    - React-perflogger
    - React-runtimeexecutor
    - React-utils
    - SocketRocket (= 0.6.1)
    - Yoga
  - React-CoreModules (0.72.4):
    - RCT-Folly (= 2021.07.22.00)
    - RCTTypeSafety (= 0.72.4)
    - React-Codegen (= 0.72.4)
    - React-Core/CoreModulesHeaders (= 0.72.4)
    - React-jsi (= 0.72.4)
    - React-RCTBlob
    - React-RCTImage (= 0.72.4)
    - ReactCommon/turbomodule/core (= 0.72.4)
    - SocketRocket (= 0.6.1)
  - React-cxxreact (0.72.4):
    - boost (= 1.76.0)
    - DoubleConversion
    - glog
    - hermes-engine
    - RCT-Folly (= 2021.07.22.00)
    - React-callinvoker (= 0.72.4)
    - React-debug (= 0.72.4)
    - React-jsi (= 0.72.4)
    - React-jsinspector (= 0.72.4)
    - React-logger (= 0.72.4)
    - React-perflogger (= 0.72.4)
    - React-runtimeexecutor (= 0.72.4)
  - React-debug (0.72.4)
  - React-hermes (0.72.4):
    - DoubleConversion
    - glog
    - hermes-engine
    - RCT-Folly (= 2021.07.22.00)
    - RCT-Folly/Futures (= 2021.07.22.00)
    - React-cxxreact (= 0.72.4)
    - React-jsi
    - React-jsiexecutor (= 0.72.4)
    - React-jsinspector (= 0.72.4)
    - React-perflogger (= 0.72.4)
  - React-jsi (0.72.4):
    - boost (= 1.76.0)
    - DoubleConversion
    - glog
    - hermes-engine
    - RCT-Folly (= 2021.07.22.00)
  - React-jsiexecutor (0.72.4):
    - DoubleConversion
    - glog
    - hermes-engine
    - RCT-Folly (= 2021.07.22.00)
    - React-cxxreact (= 0.72.4)
    - React-jsi (= 0.72.4)
    - React-perflogger (= 0.72.4)
  - React-jsinspector (0.72.4)
  - React-logger (0.72.4):
    - glog
  - react-native-document-picker (9.0.1):
    - React-Core
  - react-native-safe-area-context (4.7.1):
    - React-Core
  - React-NativeModulesApple (0.72.4):
    - hermes-engine
    - React-callinvoker
    - React-Core
    - React-cxxreact
    - React-jsi
    - React-runtimeexecutor
    - ReactCommon/turbomodule/bridging
    - ReactCommon/turbomodule/core
  - React-perflogger (0.72.4)
  - React-RCTActionSheet (0.72.4):
    - React-Core/RCTActionSheetHeaders (= 0.72.4)
  - React-RCTAnimation (0.72.4):
    - RCT-Folly (= 2021.07.22.00)
    - RCTTypeSafety (= 0.72.4)
    - React-Codegen (= 0.72.4)
    - React-Core/RCTAnimationHeaders (= 0.72.4)
    - React-jsi (= 0.72.4)
    - ReactCommon/turbomodule/core (= 0.72.4)
  - React-RCTAppDelegate (0.72.4):
    - RCT-Folly
    - RCTRequired
    - RCTTypeSafety
    - React-Core
    - React-CoreModules
    - React-hermes
    - React-NativeModulesApple
    - React-RCTImage
    - React-RCTNetwork
    - React-runtimescheduler
    - ReactCommon/turbomodule/core
  - React-RCTBlob (0.72.4):
    - hermes-engine
    - RCT-Folly (= 2021.07.22.00)
    - React-Codegen (= 0.72.4)
    - React-Core/RCTBlobHeaders (= 0.72.4)
    - React-Core/RCTWebSocket (= 0.72.4)
    - React-jsi (= 0.72.4)
    - React-RCTNetwork (= 0.72.4)
    - ReactCommon/turbomodule/core (= 0.72.4)
  - React-RCTImage (0.72.4):
    - RCT-Folly (= 2021.07.22.00)
    - RCTTypeSafety (= 0.72.4)
    - React-Codegen (= 0.72.4)
    - React-Core/RCTImageHeaders (= 0.72.4)
    - React-jsi (= 0.72.4)
    - React-RCTNetwork (= 0.72.4)
    - ReactCommon/turbomodule/core (= 0.72.4)
  - React-RCTLinking (0.72.4):
    - React-Codegen (= 0.72.4)
    - React-Core/RCTLinkingHeaders (= 0.72.4)
    - React-jsi (= 0.72.4)
    - ReactCommon/turbomodule/core (= 0.72.4)
  - React-RCTNetwork (0.72.4):
    - RCT-Folly (= 2021.07.22.00)
    - RCTTypeSafety (= 0.72.4)
    - React-Codegen (= 0.72.4)
    - React-Core/RCTNetworkHeaders (= 0.72.4)
    - React-jsi (= 0.72.4)
    - ReactCommon/turbomodule/core (= 0.72.4)
  - React-RCTSettings (0.72.4):
    - RCT-Folly (= 2021.07.22.00)
    - RCTTypeSafety (= 0.72.4)
    - React-Codegen (= 0.72.4)
    - React-Core/RCTSettingsHeaders (= 0.72.4)
    - React-jsi (= 0.72.4)
    - ReactCommon/turbomodule/core (= 0.72.4)
  - React-RCTText (0.72.4):
    - React-Core/RCTTextHeaders (= 0.72.4)
  - React-RCTVibration (0.72.4):
    - RCT-Folly (= 2021.07.22.00)
    - React-Codegen (= 0.72.4)
    - React-Core/RCTVibrationHeaders (= 0.72.4)
    - React-jsi (= 0.72.4)
    - ReactCommon/turbomodule/core (= 0.72.4)
  - React-rncore (0.72.4)
  - React-runtimeexecutor (0.72.4):
    - React-jsi (= 0.72.4)
  - React-runtimescheduler (0.72.4):
    - glog
    - hermes-engine
    - RCT-Folly (= 2021.07.22.00)
    - React-callinvoker
    - React-debug
    - React-jsi
    - React-runtimeexecutor
  - React-utils (0.72.4):
    - glog
    - RCT-Folly (= 2021.07.22.00)
    - React-debug
  - ReactCommon/turbomodule/bridging (0.72.4):
    - DoubleConversion
    - glog
    - hermes-engine
    - RCT-Folly (= 2021.07.22.00)
    - React-callinvoker (= 0.72.4)
    - React-cxxreact (= 0.72.4)
    - React-jsi (= 0.72.4)
    - React-logger (= 0.72.4)
    - React-perflogger (= 0.72.4)
  - ReactCommon/turbomodule/core (0.72.4):
    - DoubleConversion
    - glog
    - hermes-engine
    - RCT-Folly (= 2021.07.22.00)
    - React-callinvoker (= 0.72.4)
    - React-cxxreact (= 0.72.4)
    - React-jsi (= 0.72.4)
    - React-logger (= 0.72.4)
    - React-perflogger (= 0.72.4)
  - RNCAsyncStorage (1.18.2):
    - React-Core
  - RNCMaskedView (0.2.9):
    - React-Core
  - RNFlashList (1.5.0):
    - React-Core
  - RNFS (2.20.0):
    - React-Core
  - RNGestureHandler (2.12.1):
    - React-Core
  - RNReanimated (3.4.2):
    - DoubleConversion
    - FBLazyVector
    - glog
    - hermes-engine
    - RCT-Folly
    - RCTRequired
    - RCTTypeSafety
    - React-callinvoker
    - React-Core
    - React-Core/DevSupport
    - React-Core/RCTWebSocket
    - React-CoreModules
    - React-cxxreact
    - React-hermes
    - React-jsi
    - React-jsiexecutor
    - React-jsinspector
    - React-RCTActionSheet
    - React-RCTAnimation
    - React-RCTAppDelegate
    - React-RCTBlob
    - React-RCTImage
    - React-RCTLinking
    - React-RCTNetwork
    - React-RCTSettings
    - React-RCTText
    - ReactCommon/turbomodule/core
    - Yoga
  - RNScreens (3.23.0):
    - React-Core
    - React-RCTImage
  - RNSVG (13.10.0):
    - React-Core
  - SDCore (0.0.0):
    - ExpoModulesCore
  - SocketRocket (0.6.1)
  - Yoga (1.14.0)

DEPENDENCIES:
  - boost (from `../../../node_modules/react-native/third-party-podspecs/boost.podspec`)
  - DoubleConversion (from `../../../node_modules/react-native/third-party-podspecs/DoubleConversion.podspec`)
  - EXApplication (from `../../../node_modules/expo-application/ios`)
  - EXConstants (from `../../../node_modules/expo-constants/ios`)
  - EXFileSystem (from `../../../node_modules/expo-file-system/ios`)
  - EXFont (from `../../../node_modules/expo-font/ios`)
  - EXMediaLibrary (from `../../../node_modules/expo-media-library/ios`)
  - Expo (from `../../../node_modules/expo`)
  - ExpoKeepAwake (from `../../../node_modules/expo-keep-awake/ios`)
  - ExpoModulesCore (from `../../../node_modules/expo-modules-core`)
  - EXSplashScreen (from `../../../node_modules/expo-splash-screen/ios`)
  - FBLazyVector (from `../../../node_modules/react-native/Libraries/FBLazyVector`)
  - FBReactNativeSpec (from `../../../node_modules/react-native/React/FBReactNativeSpec`)
  - glog (from `../../../node_modules/react-native/third-party-podspecs/glog.podspec`)
  - hermes-engine (from `../../../node_modules/react-native/sdks/hermes-engine/hermes-engine.podspec`)
  - libevent (~> 2.1.12)
  - lottie-react-native (from `../../../node_modules/lottie-react-native`)
  - RCT-Folly (from `../../../node_modules/react-native/third-party-podspecs/RCT-Folly.podspec`)
  - RCTRequired (from `../../../node_modules/react-native/Libraries/RCTRequired`)
  - RCTTypeSafety (from `../../../node_modules/react-native/Libraries/TypeSafety`)
  - React (from `../../../node_modules/react-native/`)
  - React-callinvoker (from `../../../node_modules/react-native/ReactCommon/callinvoker`)
  - React-Codegen (from `build/generated/ios`)
  - React-Core (from `../../../node_modules/react-native/`)
  - React-Core/RCTWebSocket (from `../../../node_modules/react-native/`)
  - React-CoreModules (from `../../../node_modules/react-native/React/CoreModules`)
  - React-cxxreact (from `../../../node_modules/react-native/ReactCommon/cxxreact`)
  - React-debug (from `../../../node_modules/react-native/ReactCommon/react/debug`)
  - React-hermes (from `../../../node_modules/react-native/ReactCommon/hermes`)
  - React-jsi (from `../../../node_modules/react-native/ReactCommon/jsi`)
  - React-jsiexecutor (from `../../../node_modules/react-native/ReactCommon/jsiexecutor`)
  - React-jsinspector (from `../../../node_modules/react-native/ReactCommon/jsinspector`)
  - React-logger (from `../../../node_modules/react-native/ReactCommon/logger`)
  - react-native-document-picker (from `../../../node_modules/react-native-document-picker`)
  - react-native-safe-area-context (from `../../../node_modules/react-native-safe-area-context`)
  - React-NativeModulesApple (from `../../../node_modules/react-native/ReactCommon/react/nativemodule/core/platform/ios`)
  - React-perflogger (from `../../../node_modules/react-native/ReactCommon/reactperflogger`)
  - React-RCTActionSheet (from `../../../node_modules/react-native/Libraries/ActionSheetIOS`)
  - React-RCTAnimation (from `../../../node_modules/react-native/Libraries/NativeAnimation`)
  - React-RCTAppDelegate (from `../../../node_modules/react-native/Libraries/AppDelegate`)
  - React-RCTBlob (from `../../../node_modules/react-native/Libraries/Blob`)
  - React-RCTImage (from `../../../node_modules/react-native/Libraries/Image`)
  - React-RCTLinking (from `../../../node_modules/react-native/Libraries/LinkingIOS`)
  - React-RCTNetwork (from `../../../node_modules/react-native/Libraries/Network`)
  - React-RCTSettings (from `../../../node_modules/react-native/Libraries/Settings`)
  - React-RCTText (from `../../../node_modules/react-native/Libraries/Text`)
  - React-RCTVibration (from `../../../node_modules/react-native/Libraries/Vibration`)
  - React-rncore (from `../../../node_modules/react-native/ReactCommon`)
  - React-runtimeexecutor (from `../../../node_modules/react-native/ReactCommon/runtimeexecutor`)
  - React-runtimescheduler (from `../../../node_modules/react-native/ReactCommon/react/renderer/runtimescheduler`)
  - React-utils (from `../../../node_modules/react-native/ReactCommon/react/utils`)
  - ReactCommon/turbomodule/core (from `../../../node_modules/react-native/ReactCommon`)
  - "RNCAsyncStorage (from `../../../node_modules/@react-native-async-storage/async-storage`)"
  - "RNCMaskedView (from `../../../node_modules/@react-native-masked-view/masked-view`)"
  - "RNFlashList (from `../../../node_modules/@shopify/flash-list`)"
  - RNFS (from `../../../node_modules/react-native-fs`)
  - RNGestureHandler (from `../../../node_modules/react-native-gesture-handler`)
  - RNReanimated (from `../../../node_modules/react-native-reanimated`)
  - RNScreens (from `../../../node_modules/react-native-screens`)
  - RNSVG (from `../../../node_modules/react-native-svg`)
  - SDCore (from `../modules/sd-core/ios`)
  - Yoga (from `../../../node_modules/react-native/ReactCommon/yoga`)

SPEC REPOS:
  trunk:
    - fmt
    - libevent
    - lottie-ios
    - SocketRocket

EXTERNAL SOURCES:
  boost:
    :podspec: "../../../node_modules/react-native/third-party-podspecs/boost.podspec"
  DoubleConversion:
    :podspec: "../../../node_modules/react-native/third-party-podspecs/DoubleConversion.podspec"
  EXApplication:
    :path: "../../../node_modules/expo-application/ios"
  EXConstants:
    :path: "../../../node_modules/expo-constants/ios"
  EXFileSystem:
    :path: "../../../node_modules/expo-file-system/ios"
  EXFont:
    :path: "../../../node_modules/expo-font/ios"
  EXMediaLibrary:
    :path: "../../../node_modules/expo-media-library/ios"
  Expo:
    :path: "../../../node_modules/expo"
  ExpoKeepAwake:
    :path: "../../../node_modules/expo-keep-awake/ios"
  ExpoModulesCore:
    :path: "../../../node_modules/expo-modules-core"
  EXSplashScreen:
    :path: "../../../node_modules/expo-splash-screen/ios"
  FBLazyVector:
    :path: "../../../node_modules/react-native/Libraries/FBLazyVector"
  FBReactNativeSpec:
    :path: "../../../node_modules/react-native/React/FBReactNativeSpec"
  glog:
    :podspec: "../../../node_modules/react-native/third-party-podspecs/glog.podspec"
  hermes-engine:
    :podspec: "../../../node_modules/react-native/sdks/hermes-engine/hermes-engine.podspec"
    :tag: hermes-2023-08-07-RNv0.72.4-813b2def12bc9df02654b3e3653ae4a68d0572e0
  lottie-react-native:
    :path: "../../../node_modules/lottie-react-native"
  RCT-Folly:
    :podspec: "../../../node_modules/react-native/third-party-podspecs/RCT-Folly.podspec"
  RCTRequired:
    :path: "../../../node_modules/react-native/Libraries/RCTRequired"
  RCTTypeSafety:
    :path: "../../../node_modules/react-native/Libraries/TypeSafety"
  React:
    :path: "../../../node_modules/react-native/"
  React-callinvoker:
    :path: "../../../node_modules/react-native/ReactCommon/callinvoker"
  React-Codegen:
    :path: build/generated/ios
  React-Core:
    :path: "../../../node_modules/react-native/"
  React-CoreModules:
    :path: "../../../node_modules/react-native/React/CoreModules"
  React-cxxreact:
    :path: "../../../node_modules/react-native/ReactCommon/cxxreact"
  React-debug:
    :path: "../../../node_modules/react-native/ReactCommon/react/debug"
  React-hermes:
    :path: "../../../node_modules/react-native/ReactCommon/hermes"
  React-jsi:
    :path: "../../../node_modules/react-native/ReactCommon/jsi"
  React-jsiexecutor:
    :path: "../../../node_modules/react-native/ReactCommon/jsiexecutor"
  React-jsinspector:
    :path: "../../../node_modules/react-native/ReactCommon/jsinspector"
  React-logger:
    :path: "../../../node_modules/react-native/ReactCommon/logger"
  react-native-document-picker:
    :path: "../../../node_modules/react-native-document-picker"
  react-native-safe-area-context:
    :path: "../../../node_modules/react-native-safe-area-context"
  React-NativeModulesApple:
    :path: "../../../node_modules/react-native/ReactCommon/react/nativemodule/core/platform/ios"
  React-perflogger:
    :path: "../../../node_modules/react-native/ReactCommon/reactperflogger"
  React-RCTActionSheet:
    :path: "../../../node_modules/react-native/Libraries/ActionSheetIOS"
  React-RCTAnimation:
    :path: "../../../node_modules/react-native/Libraries/NativeAnimation"
  React-RCTAppDelegate:
    :path: "../../../node_modules/react-native/Libraries/AppDelegate"
  React-RCTBlob:
    :path: "../../../node_modules/react-native/Libraries/Blob"
  React-RCTImage:
    :path: "../../../node_modules/react-native/Libraries/Image"
  React-RCTLinking:
    :path: "../../../node_modules/react-native/Libraries/LinkingIOS"
  React-RCTNetwork:
    :path: "../../../node_modules/react-native/Libraries/Network"
  React-RCTSettings:
    :path: "../../../node_modules/react-native/Libraries/Settings"
  React-RCTText:
    :path: "../../../node_modules/react-native/Libraries/Text"
  React-RCTVibration:
    :path: "../../../node_modules/react-native/Libraries/Vibration"
  React-rncore:
    :path: "../../../node_modules/react-native/ReactCommon"
  React-runtimeexecutor:
    :path: "../../../node_modules/react-native/ReactCommon/runtimeexecutor"
  React-runtimescheduler:
    :path: "../../../node_modules/react-native/ReactCommon/react/renderer/runtimescheduler"
  React-utils:
    :path: "../../../node_modules/react-native/ReactCommon/react/utils"
  ReactCommon:
    :path: "../../../node_modules/react-native/ReactCommon"
  RNCAsyncStorage:
    :path: "../../../node_modules/@react-native-async-storage/async-storage"
  RNCMaskedView:
    :path: "../../../node_modules/@react-native-masked-view/masked-view"
  RNFlashList:
    :path: "../../../node_modules/@shopify/flash-list"
  RNFS:
    :path: "../../../node_modules/react-native-fs"
  RNGestureHandler:
    :path: "../../../node_modules/react-native-gesture-handler"
  RNReanimated:
    :path: "../../../node_modules/react-native-reanimated"
  RNScreens:
    :path: "../../../node_modules/react-native-screens"
  RNSVG:
    :path: "../../../node_modules/react-native-svg"
  SDCore:
    :path: "../modules/sd-core/ios"
  Yoga:
    :path: "../../../node_modules/react-native/ReactCommon/yoga"

SPEC CHECKSUMS:
  boost: 57d2868c099736d80fcd648bf211b4431e51a558
  DoubleConversion: 5189b271737e1565bdce30deb4a08d647e3f5f54
  EXApplication: 02655a251434d564bb0e73291f5a490c74b5b76f
  EXConstants: ce5bbea779da8031ac818c36bea41b10e14d04e1
  EXFileSystem: 941b273758aee14be2ecc671dacb4f10dd28c833
  EXFont: 738c44c390953ebcbab075a4848bfbef025fd9ee
  EXMediaLibrary: 88ee9eed37c4fe38a4b5b35b73a4f9fa056c999e
  Expo: 900dc423a0e2c7e822b2c683a89426e82695fb27
  ExpoKeepAwake: be4cbd52d9b177cde0fd66daa1913afa3161fc1d
  ExpoModulesCore: 07542ea7c8b64891019f38b45c34c128fc847691
  EXSplashScreen: bd662b32b776e4f1c6770da79967b0a725fdeff7
  FBLazyVector: 5d4a3b7f411219a45a6d952f77d2c0a6c9989da5
  FBReactNativeSpec: 1aaaf459c3d5d0cd308436c9845e71157bba853e
  fmt: ff9d55029c625d3757ed641535fd4a75fedc7ce9
  glog: 04b94705f318337d7ead9e6d17c019bd9b1f6b1b
  hermes-engine: 81191603c4eaa01f5e4ae5737a9efcf64756c7b2
  libevent: 4049cae6c81cdb3654a443be001fb9bdceff7913
  lottie-ios: 809ecf2d460ed650a6aed7aa88b2ec45fab4779c
  lottie-react-native: b04640d81bfc87915cd5c9058caa1112374691ff
  RCT-Folly: 424b8c9a7a0b9ab2886ffe9c3b041ef628fd4fb1
  RCTRequired: c0569ecc035894e4a68baecb30fe6a7ea6e399f9
  RCTTypeSafety: e90354072c21236e0bcf1699011e39acd25fea2f
  React: a1be3c6dc0a6e949ccd3e659781aa47bbae1868f
  React-callinvoker: 1020b33f6cb1a1824f9ca2a86609fbce2a73c6ed
  React-Codegen: d3cabb5a8b9de7b0fc5928c0cf478e73a178d728
  React-Core: 34da8c952844e21f5a69bf46438fb6bf063900d0
  React-CoreModules: 621243df8863055ff30f3bb2ff71573ffa7b16c8
  React-cxxreact: 4ad1cc861e32fb533dad6ff7a4ea25680fa1c994
  React-debug: c99e1efd530b125f009c0e446bcd5b3eabacafe3
  React-hermes: 37377d0a56aa0cf55c65248271866ce3268cde3f
  React-jsi: 6de8b0ccc6b765b58e4eee9ee38049dbeaf5c221
  React-jsiexecutor: c7f826e40fa9cab5d37cab6130b1af237332b594
  React-jsinspector: aaed4cf551c4a1c98092436518c2d267b13a673f
  React-logger: da1ebe05ae06eb6db4b162202faeafac4b435e77
  react-native-document-picker: 2b8f18667caee73a96708a82b284a4f40b30a156
  react-native-safe-area-context: 9697629f7b2cda43cf52169bb7e0767d330648c2
  React-NativeModulesApple: 49c4d13e881fd7227f1a4bb486838dfbd782d0f5
  React-perflogger: 496a1a3dc6737f964107cb3ddae7f9e265ddda58
  React-RCTActionSheet: 02904b932b50e680f4e26e7a686b33ebf7ef3c00
  React-RCTAnimation: e44fe5053708c5be762943087c78dc5a6a3c645c
  React-RCTAppDelegate: 75566e142d0c325f603790943a38f0e297bcbab3
  React-RCTBlob: 5577c3542fafbd9241f505bda541f6762996b0eb
  React-RCTImage: f48859ae6a1e5c2c8659f860efdfcb8b0cb60cde
  React-RCTLinking: 9b145f380c6b5910e3219bef73e1d7024381ad54
  React-RCTNetwork: 179f50a80c01fa7d6a515552a24ad2e294f341a1
  React-RCTSettings: cdc9f538f0f8e72e6f3de7c971fb4fb2f49caff9
  React-RCTText: 9b9f5589d9b649d7246c3f336e116496df28cfe6
  React-RCTVibration: 35eec7201c8ffdaccdd908a5ec874b7055f975f3
  React-rncore: 1a11a7e0120183fbb84fffe53e403fcee189c3bc
  React-runtimeexecutor: d465ba0c47ef3ed8281143f59605cacc2244d5c7
  React-runtimescheduler: 5b2f802c2ef4cf90e2811a29da3403a00e49fab9
  React-utils: 74d2aab518017fff257cb9c487c60da2695fe7bd
  ReactCommon: e0360548f9e2682970026becdbd486bc42bc3f7d
  RNCAsyncStorage: ddc4ee162bfd41b0d2c68bf2d95acd81dd7f1f93
  RNCMaskedView: 949696f25ec596bfc697fc88e6f95cf0c79669b6
  RNFlashList: 25b0e092b4470c84db0386d4f5316dc34123bb6d
  RNFS: 4ac0f0ea233904cb798630b3c077808c06931688
  RNGestureHandler: c0d04458598fcb26052494ae23dda8f8f5162b13
  RNReanimated: 79025fdede9665be5b1eec93abcd95ce19bf5ad4
  RNScreens: 6a8a3c6b808aa48dca1780df7b73ea524f602c63
  RNSVG: 80584470ff1ffc7994923ea135a3e5ad825546b9
  SDCore: 07a7d17b50d8934e3a31a9bbd95d4f21105b9963
  SocketRocket: f32cd54efbe0f095c4d7594881e52619cfe80b17
  Yoga: 3efc43e0d48686ce2e8c60f99d4e6bd349aff981

PODFILE CHECKSUM: dd360b28202bf5232960acebc747040be2a80269

COCOAPODS: 1.12.1
