PODS:
  - boost (1.76.0)
  - DoubleConversion (1.1.6)
  - EXApplication (4.2.2):
    - ExpoModulesCore
  - EXConstants (13.2.4):
    - ExpoModulesCore
  - EXFileSystem (14.1.0):
    - ExpoModulesCore
  - EXFont (10.2.1):
    - ExpoModulesCore
  - EXMediaLibrary (14.2.0):
    - ExpoModulesCore
    - React-Core
  - Expo (46.0.16):
    - ExpoModulesCore
  - ExpoKeepAwake (10.2.0):
    - ExpoModulesCore
  - ExpoModulesCore (0.11.8):
    - React-Core
    - ReactCommon/turbomodule/core
  - EXSplashScreen (0.16.2):
    - ExpoModulesCore
    - React-Core
  - FBLazyVector (0.69.6)
  - FBReactNativeSpec (0.69.6):
    - RCT-Folly (= 2021.06.28.00-v2)
    - RCTRequired (= 0.69.6)
    - RCTTypeSafety (= 0.69.6)
    - React-Core (= 0.69.6)
    - React-jsi (= 0.69.6)
    - ReactCommon/turbomodule/core (= 0.69.6)
  - fmt (6.2.1)
  - glog (0.3.5)
  - hermes-engine (0.69.6)
  - libevent (2.1.12)
  - lottie-ios (3.4.4)
  - lottie-react-native (5.1.4):
    - lottie-ios (~> 3.4.0)
    - React-Core
  - RCT-Folly (2021.06.28.00-v2):
    - boost
    - DoubleConversion
    - fmt (~> 6.2.1)
    - glog
    - RCT-Folly/Default (= 2021.06.28.00-v2)
  - RCT-Folly/Default (2021.06.28.00-v2):
    - boost
    - DoubleConversion
    - fmt (~> 6.2.1)
    - glog
  - RCT-Folly/Futures (2021.06.28.00-v2):
    - boost
    - DoubleConversion
    - fmt (~> 6.2.1)
    - glog
    - libevent
  - RCTRequired (0.69.6)
  - RCTTypeSafety (0.69.6):
    - FBLazyVector (= 0.69.6)
    - RCTRequired (= 0.69.6)
    - React-Core (= 0.69.6)
  - React (0.69.6):
    - React-Core (= 0.69.6)
    - React-Core/DevSupport (= 0.69.6)
    - React-Core/RCTWebSocket (= 0.69.6)
    - React-RCTActionSheet (= 0.69.6)
    - React-RCTAnimation (= 0.69.6)
    - React-RCTBlob (= 0.69.6)
    - React-RCTImage (= 0.69.6)
    - React-RCTLinking (= 0.69.6)
    - React-RCTNetwork (= 0.69.6)
    - React-RCTSettings (= 0.69.6)
    - React-RCTText (= 0.69.6)
    - React-RCTVibration (= 0.69.6)
  - React-bridging (0.69.6):
    - RCT-Folly (= 2021.06.28.00-v2)
    - React-jsi (= 0.69.6)
  - React-callinvoker (0.69.6)
  - React-Codegen (0.69.6):
    - FBReactNativeSpec (= 0.69.6)
    - RCT-Folly (= 2021.06.28.00-v2)
    - RCTRequired (= 0.69.6)
    - RCTTypeSafety (= 0.69.6)
    - React-Core (= 0.69.6)
    - React-jsi (= 0.69.6)
    - React-jsiexecutor (= 0.69.6)
    - ReactCommon/turbomodule/core (= 0.69.6)
  - React-Core (0.69.6):
    - glog
    - RCT-Folly (= 2021.06.28.00-v2)
    - React-Core/Default (= 0.69.6)
    - React-cxxreact (= 0.69.6)
    - React-jsi (= 0.69.6)
    - React-jsiexecutor (= 0.69.6)
    - React-perflogger (= 0.69.6)
    - Yoga
  - React-Core/CoreModulesHeaders (0.69.6):
    - glog
    - RCT-Folly (= 2021.06.28.00-v2)
    - React-Core/Default
    - React-cxxreact (= 0.69.6)
    - React-jsi (= 0.69.6)
    - React-jsiexecutor (= 0.69.6)
    - React-perflogger (= 0.69.6)
    - Yoga
  - React-Core/Default (0.69.6):
    - glog
    - RCT-Folly (= 2021.06.28.00-v2)
    - React-cxxreact (= 0.69.6)
    - React-jsi (= 0.69.6)
    - React-jsiexecutor (= 0.69.6)
    - React-perflogger (= 0.69.6)
    - Yoga
  - React-Core/DevSupport (0.69.6):
    - glog
    - RCT-Folly (= 2021.06.28.00-v2)
    - React-Core/Default (= 0.69.6)
    - React-Core/RCTWebSocket (= 0.69.6)
    - React-cxxreact (= 0.69.6)
    - React-jsi (= 0.69.6)
    - React-jsiexecutor (= 0.69.6)
    - React-jsinspector (= 0.69.6)
    - React-perflogger (= 0.69.6)
    - Yoga
  - React-Core/RCTActionSheetHeaders (0.69.6):
    - glog
    - RCT-Folly (= 2021.06.28.00-v2)
    - React-Core/Default
    - React-cxxreact (= 0.69.6)
    - React-jsi (= 0.69.6)
    - React-jsiexecutor (= 0.69.6)
    - React-perflogger (= 0.69.6)
    - Yoga
  - React-Core/RCTAnimationHeaders (0.69.6):
    - glog
    - RCT-Folly (= 2021.06.28.00-v2)
    - React-Core/Default
    - React-cxxreact (= 0.69.6)
    - React-jsi (= 0.69.6)
    - React-jsiexecutor (= 0.69.6)
    - React-perflogger (= 0.69.6)
    - Yoga
  - React-Core/RCTBlobHeaders (0.69.6):
    - glog
    - RCT-Folly (= 2021.06.28.00-v2)
    - React-Core/Default
    - React-cxxreact (= 0.69.6)
    - React-jsi (= 0.69.6)
    - React-jsiexecutor (= 0.69.6)
    - React-perflogger (= 0.69.6)
    - Yoga
  - React-Core/RCTImageHeaders (0.69.6):
    - glog
    - RCT-Folly (= 2021.06.28.00-v2)
    - React-Core/Default
    - React-cxxreact (= 0.69.6)
    - React-jsi (= 0.69.6)
    - React-jsiexecutor (= 0.69.6)
    - React-perflogger (= 0.69.6)
    - Yoga
  - React-Core/RCTLinkingHeaders (0.69.6):
    - glog
    - RCT-Folly (= 2021.06.28.00-v2)
    - React-Core/Default
    - React-cxxreact (= 0.69.6)
    - React-jsi (= 0.69.6)
    - React-jsiexecutor (= 0.69.6)
    - React-perflogger (= 0.69.6)
    - Yoga
  - React-Core/RCTNetworkHeaders (0.69.6):
    - glog
    - RCT-Folly (= 2021.06.28.00-v2)
    - React-Core/Default
    - React-cxxreact (= 0.69.6)
    - React-jsi (= 0.69.6)
    - React-jsiexecutor (= 0.69.6)
    - React-perflogger (= 0.69.6)
    - Yoga
  - React-Core/RCTSettingsHeaders (0.69.6):
    - glog
    - RCT-Folly (= 2021.06.28.00-v2)
    - React-Core/Default
    - React-cxxreact (= 0.69.6)
    - React-jsi (= 0.69.6)
    - React-jsiexecutor (= 0.69.6)
    - React-perflogger (= 0.69.6)
    - Yoga
  - React-Core/RCTTextHeaders (0.69.6):
    - glog
    - RCT-Folly (= 2021.06.28.00-v2)
    - React-Core/Default
    - React-cxxreact (= 0.69.6)
    - React-jsi (= 0.69.6)
    - React-jsiexecutor (= 0.69.6)
    - React-perflogger (= 0.69.6)
    - Yoga
  - React-Core/RCTVibrationHeaders (0.69.6):
    - glog
    - RCT-Folly (= 2021.06.28.00-v2)
    - React-Core/Default
    - React-cxxreact (= 0.69.6)
    - React-jsi (= 0.69.6)
    - React-jsiexecutor (= 0.69.6)
    - React-perflogger (= 0.69.6)
    - Yoga
  - React-Core/RCTWebSocket (0.69.6):
    - glog
    - RCT-Folly (= 2021.06.28.00-v2)
    - React-Core/Default (= 0.69.6)
    - React-cxxreact (= 0.69.6)
    - React-jsi (= 0.69.6)
    - React-jsiexecutor (= 0.69.6)
    - React-perflogger (= 0.69.6)
    - Yoga
  - React-CoreModules (0.69.6):
    - RCT-Folly (= 2021.06.28.00-v2)
    - RCTTypeSafety (= 0.69.6)
    - React-Codegen (= 0.69.6)
    - React-Core/CoreModulesHeaders (= 0.69.6)
    - React-jsi (= 0.69.6)
    - React-RCTImage (= 0.69.6)
    - ReactCommon/turbomodule/core (= 0.69.6)
  - React-cxxreact (0.69.6):
    - boost (= 1.76.0)
    - DoubleConversion
    - glog
    - RCT-Folly (= 2021.06.28.00-v2)
    - React-callinvoker (= 0.69.6)
    - React-jsi (= 0.69.6)
    - React-jsinspector (= 0.69.6)
    - React-logger (= 0.69.6)
    - React-perflogger (= 0.69.6)
    - React-runtimeexecutor (= 0.69.6)
  - React-hermes (0.69.6):
    - DoubleConversion
    - glog
    - hermes-engine
    - RCT-Folly (= 2021.06.28.00-v2)
    - RCT-Folly/Futures (= 2021.06.28.00-v2)
    - React-cxxreact (= 0.69.6)
    - React-jsi (= 0.69.6)
    - React-jsiexecutor (= 0.69.6)
    - React-jsinspector (= 0.69.6)
    - React-perflogger (= 0.69.6)
  - React-jsi (0.69.6):
    - boost (= 1.76.0)
    - DoubleConversion
    - glog
    - RCT-Folly (= 2021.06.28.00-v2)
    - React-jsi/Default (= 0.69.6)
  - React-jsi/Default (0.69.6):
    - boost (= 1.76.0)
    - DoubleConversion
    - glog
    - RCT-Folly (= 2021.06.28.00-v2)
  - React-jsiexecutor (0.69.6):
    - DoubleConversion
    - glog
    - RCT-Folly (= 2021.06.28.00-v2)
    - React-cxxreact (= 0.69.6)
    - React-jsi (= 0.69.6)
    - React-perflogger (= 0.69.6)
  - React-jsinspector (0.69.6)
  - React-logger (0.69.6):
    - glog
  - react-native-document-picker (8.1.2):
    - React-Core
  - react-native-safe-area-context (4.3.1):
    - RCT-Folly
    - RCTRequired
    - RCTTypeSafety
    - React
    - ReactCommon/turbomodule/core
  - React-perflogger (0.69.6)
  - React-RCTActionSheet (0.69.6):
    - React-Core/RCTActionSheetHeaders (= 0.69.6)
  - React-RCTAnimation (0.69.6):
    - RCT-Folly (= 2021.06.28.00-v2)
    - RCTTypeSafety (= 0.69.6)
    - React-Codegen (= 0.69.6)
    - React-Core/RCTAnimationHeaders (= 0.69.6)
    - React-jsi (= 0.69.6)
    - ReactCommon/turbomodule/core (= 0.69.6)
  - React-RCTBlob (0.69.6):
    - RCT-Folly (= 2021.06.28.00-v2)
    - React-Codegen (= 0.69.6)
    - React-Core/RCTBlobHeaders (= 0.69.6)
    - React-Core/RCTWebSocket (= 0.69.6)
    - React-jsi (= 0.69.6)
    - React-RCTNetwork (= 0.69.6)
    - ReactCommon/turbomodule/core (= 0.69.6)
  - React-RCTImage (0.69.6):
    - RCT-Folly (= 2021.06.28.00-v2)
    - RCTTypeSafety (= 0.69.6)
    - React-Codegen (= 0.69.6)
    - React-Core/RCTImageHeaders (= 0.69.6)
    - React-jsi (= 0.69.6)
    - React-RCTNetwork (= 0.69.6)
    - ReactCommon/turbomodule/core (= 0.69.6)
  - React-RCTLinking (0.69.6):
    - React-Codegen (= 0.69.6)
    - React-Core/RCTLinkingHeaders (= 0.69.6)
    - React-jsi (= 0.69.6)
    - ReactCommon/turbomodule/core (= 0.69.6)
  - React-RCTNetwork (0.69.6):
    - RCT-Folly (= 2021.06.28.00-v2)
    - RCTTypeSafety (= 0.69.6)
    - React-Codegen (= 0.69.6)
    - React-Core/RCTNetworkHeaders (= 0.69.6)
    - React-jsi (= 0.69.6)
    - ReactCommon/turbomodule/core (= 0.69.6)
  - React-RCTSettings (0.69.6):
    - RCT-Folly (= 2021.06.28.00-v2)
    - RCTTypeSafety (= 0.69.6)
    - React-Codegen (= 0.69.6)
    - React-Core/RCTSettingsHeaders (= 0.69.6)
    - React-jsi (= 0.69.6)
    - ReactCommon/turbomodule/core (= 0.69.6)
  - React-RCTText (0.69.6):
    - React-Core/RCTTextHeaders (= 0.69.6)
  - React-RCTVibration (0.69.6):
    - RCT-Folly (= 2021.06.28.00-v2)
    - React-Codegen (= 0.69.6)
    - React-Core/RCTVibrationHeaders (= 0.69.6)
    - React-jsi (= 0.69.6)
    - ReactCommon/turbomodule/core (= 0.69.6)
  - React-runtimeexecutor (0.69.6):
    - React-jsi (= 0.69.6)
  - ReactCommon/turbomodule/core (0.69.6):
    - DoubleConversion
    - glog
    - RCT-Folly (= 2021.06.28.00-v2)
    - React-bridging (= 0.69.6)
    - React-callinvoker (= 0.69.6)
    - React-Core (= 0.69.6)
    - React-cxxreact (= 0.69.6)
    - React-jsi (= 0.69.6)
    - React-logger (= 0.69.6)
    - React-perflogger (= 0.69.6)
  - RNCAsyncStorage (1.17.10):
    - React-Core
  - RNCMaskedView (0.2.8):
    - React-Core
  - RNFlashList (1.3.1):
    - React-Core
  - RNFS (2.20.0):
    - React-Core
  - RNGestureHandler (2.5.0):
    - React-Core
  - RNReanimated (2.10.0):
    - DoubleConversion
    - FBLazyVector
    - FBReactNativeSpec
    - glog
    - RCT-Folly
    - RCTRequired
    - RCTTypeSafety
    - React-callinvoker
    - React-Core
    - React-Core/DevSupport
    - React-Core/RCTWebSocket
    - React-CoreModules
    - React-cxxreact
    - React-jsi
    - React-jsiexecutor
    - React-jsinspector
    - React-RCTActionSheet
    - React-RCTAnimation
    - React-RCTBlob
    - React-RCTImage
    - React-RCTLinking
    - React-RCTNetwork
    - React-RCTSettings
    - React-RCTText
    - ReactCommon/turbomodule/core
    - Yoga
  - RNScreens (3.15.0):
    - React-Core
    - React-RCTImage
  - RNSVG (13.0.0):
    - React-Core
  - Yoga (1.14.0)

DEPENDENCIES:
  - boost (from `../node_modules/react-native/third-party-podspecs/boost.podspec`)
  - DoubleConversion (from `../node_modules/react-native/third-party-podspecs/DoubleConversion.podspec`)
  - EXApplication (from `../../../node_modules/expo-application/ios`)
  - EXConstants (from `../../../node_modules/expo-constants/ios`)
  - EXFileSystem (from `../../../node_modules/expo-file-system/ios`)
  - EXFont (from `../../../node_modules/expo-font/ios`)
  - EXMediaLibrary (from `../../../node_modules/expo-media-library/ios`)
  - Expo (from `../../../node_modules/expo`)
  - ExpoKeepAwake (from `../../../node_modules/expo-keep-awake/ios`)
  - ExpoModulesCore (from `../../../node_modules/expo-modules-core/ios`)
  - EXSplashScreen (from `../../../node_modules/expo-splash-screen/ios`)
  - FBLazyVector (from `../node_modules/react-native/Libraries/FBLazyVector`)
  - FBReactNativeSpec (from `../node_modules/react-native/React/FBReactNativeSpec`)
  - glog (from `../node_modules/react-native/third-party-podspecs/glog.podspec`)
  - hermes-engine (from `../node_modules/react-native/sdks/hermes/hermes-engine.podspec`)
  - libevent (~> 2.1.12)
  - lottie-react-native (from `../node_modules/lottie-react-native`)
  - RCT-Folly (from `../node_modules/react-native/third-party-podspecs/RCT-Folly.podspec`)
  - RCTRequired (from `../node_modules/react-native/Libraries/RCTRequired`)
  - RCTTypeSafety (from `../node_modules/react-native/Libraries/TypeSafety`)
  - React (from `../node_modules/react-native/`)
  - React-bridging (from `../node_modules/react-native/ReactCommon`)
  - React-callinvoker (from `../node_modules/react-native/ReactCommon/callinvoker`)
  - React-Codegen (from `build/generated/ios`)
  - React-Core (from `../node_modules/react-native/`)
  - React-Core/RCTWebSocket (from `../node_modules/react-native/`)
  - React-CoreModules (from `../node_modules/react-native/React/CoreModules`)
  - React-cxxreact (from `../node_modules/react-native/ReactCommon/cxxreact`)
  - React-hermes (from `../node_modules/react-native/ReactCommon/hermes`)
  - React-jsi (from `../node_modules/react-native/ReactCommon/jsi`)
  - React-jsiexecutor (from `../node_modules/react-native/ReactCommon/jsiexecutor`)
  - React-jsinspector (from `../node_modules/react-native/ReactCommon/jsinspector`)
  - React-logger (from `../node_modules/react-native/ReactCommon/logger`)
  - react-native-document-picker (from `../node_modules/react-native-document-picker`)
  - react-native-safe-area-context (from `../node_modules/react-native-safe-area-context`)
  - React-perflogger (from `../node_modules/react-native/ReactCommon/reactperflogger`)
  - React-RCTActionSheet (from `../node_modules/react-native/Libraries/ActionSheetIOS`)
  - React-RCTAnimation (from `../node_modules/react-native/Libraries/NativeAnimation`)
  - React-RCTBlob (from `../node_modules/react-native/Libraries/Blob`)
  - React-RCTImage (from `../node_modules/react-native/Libraries/Image`)
  - React-RCTLinking (from `../node_modules/react-native/Libraries/LinkingIOS`)
  - React-RCTNetwork (from `../node_modules/react-native/Libraries/Network`)
  - React-RCTSettings (from `../node_modules/react-native/Libraries/Settings`)
  - React-RCTText (from `../node_modules/react-native/Libraries/Text`)
  - React-RCTVibration (from `../node_modules/react-native/Libraries/Vibration`)
  - React-runtimeexecutor (from `../node_modules/react-native/ReactCommon/runtimeexecutor`)
  - ReactCommon/turbomodule/core (from `../node_modules/react-native/ReactCommon`)
  - "RNCAsyncStorage (from `../node_modules/@react-native-async-storage/async-storage`)"
  - "RNCMaskedView (from `../node_modules/@react-native-masked-view/masked-view`)"
  - "RNFlashList (from `../node_modules/@shopify/flash-list`)"
  - RNFS (from `../node_modules/react-native-fs`)
  - RNGestureHandler (from `../node_modules/react-native-gesture-handler`)
  - RNReanimated (from `../node_modules/react-native-reanimated`)
  - RNScreens (from `../node_modules/react-native-screens`)
  - RNSVG (from `../node_modules/react-native-svg`)
  - Yoga (from `../node_modules/react-native/ReactCommon/yoga`)

SPEC REPOS:
  trunk:
    - fmt
    - libevent
    - lottie-ios

EXTERNAL SOURCES:
  boost:
    :podspec: "../node_modules/react-native/third-party-podspecs/boost.podspec"
  DoubleConversion:
    :podspec: "../node_modules/react-native/third-party-podspecs/DoubleConversion.podspec"
  EXApplication:
    :path: "../../../node_modules/expo-application/ios"
  EXConstants:
    :path: "../../../node_modules/expo-constants/ios"
  EXFileSystem:
    :path: "../../../node_modules/expo-file-system/ios"
  EXFont:
    :path: "../../../node_modules/expo-font/ios"
  EXMediaLibrary:
    :path: "../../../node_modules/expo-media-library/ios"
  Expo:
    :path: "../../../node_modules/expo"
  ExpoKeepAwake:
    :path: "../../../node_modules/expo-keep-awake/ios"
  ExpoModulesCore:
    :path: "../../../node_modules/expo-modules-core/ios"
  EXSplashScreen:
    :path: "../../../node_modules/expo-splash-screen/ios"
  FBLazyVector:
    :path: "../node_modules/react-native/Libraries/FBLazyVector"
  FBReactNativeSpec:
    :path: "../node_modules/react-native/React/FBReactNativeSpec"
  glog:
    :podspec: "../node_modules/react-native/third-party-podspecs/glog.podspec"
  hermes-engine:
    :podspec: "../node_modules/react-native/sdks/hermes/hermes-engine.podspec"
  lottie-react-native:
    :path: "../node_modules/lottie-react-native"
  RCT-Folly:
    :podspec: "../node_modules/react-native/third-party-podspecs/RCT-Folly.podspec"
  RCTRequired:
    :path: "../node_modules/react-native/Libraries/RCTRequired"
  RCTTypeSafety:
    :path: "../node_modules/react-native/Libraries/TypeSafety"
  React:
    :path: "../node_modules/react-native/"
  React-bridging:
    :path: "../node_modules/react-native/ReactCommon"
  React-callinvoker:
    :path: "../node_modules/react-native/ReactCommon/callinvoker"
  React-Codegen:
    :path: build/generated/ios
  React-Core:
    :path: "../node_modules/react-native/"
  React-CoreModules:
    :path: "../node_modules/react-native/React/CoreModules"
  React-cxxreact:
    :path: "../node_modules/react-native/ReactCommon/cxxreact"
  React-hermes:
    :path: "../node_modules/react-native/ReactCommon/hermes"
  React-jsi:
    :path: "../node_modules/react-native/ReactCommon/jsi"
  React-jsiexecutor:
    :path: "../node_modules/react-native/ReactCommon/jsiexecutor"
  React-jsinspector:
    :path: "../node_modules/react-native/ReactCommon/jsinspector"
  React-logger:
    :path: "../node_modules/react-native/ReactCommon/logger"
  react-native-document-picker:
    :path: "../node_modules/react-native-document-picker"
  react-native-safe-area-context:
    :path: "../node_modules/react-native-safe-area-context"
  React-perflogger:
    :path: "../node_modules/react-native/ReactCommon/reactperflogger"
  React-RCTActionSheet:
    :path: "../node_modules/react-native/Libraries/ActionSheetIOS"
  React-RCTAnimation:
    :path: "../node_modules/react-native/Libraries/NativeAnimation"
  React-RCTBlob:
    :path: "../node_modules/react-native/Libraries/Blob"
  React-RCTImage:
    :path: "../node_modules/react-native/Libraries/Image"
  React-RCTLinking:
    :path: "../node_modules/react-native/Libraries/LinkingIOS"
  React-RCTNetwork:
    :path: "../node_modules/react-native/Libraries/Network"
  React-RCTSettings:
    :path: "../node_modules/react-native/Libraries/Settings"
  React-RCTText:
    :path: "../node_modules/react-native/Libraries/Text"
  React-RCTVibration:
    :path: "../node_modules/react-native/Libraries/Vibration"
  React-runtimeexecutor:
    :path: "../node_modules/react-native/ReactCommon/runtimeexecutor"
  ReactCommon:
    :path: "../node_modules/react-native/ReactCommon"
  RNCAsyncStorage:
    :path: "../node_modules/@react-native-async-storage/async-storage"
  RNCMaskedView:
    :path: "../node_modules/@react-native-masked-view/masked-view"
  RNFlashList:
    :path: "../node_modules/@shopify/flash-list"
  RNFS:
    :path: "../node_modules/react-native-fs"
  RNGestureHandler:
    :path: "../node_modules/react-native-gesture-handler"
  RNReanimated:
    :path: "../node_modules/react-native-reanimated"
  RNScreens:
    :path: "../node_modules/react-native-screens"
  RNSVG:
    :path: "../node_modules/react-native-svg"
  Yoga:
    :path: "../node_modules/react-native/ReactCommon/yoga"

SPEC CHECKSUMS:
  boost: a7c83b31436843459a1961bfd74b96033dc77234
  DoubleConversion: 5189b271737e1565bdce30deb4a08d647e3f5f54
  EXApplication: e418d737a036e788510f2c4ad6c10a7d54d18586
  EXConstants: 7c44785d41d8e959d527d23d29444277a4d1ee73
  EXFileSystem: 927e0a8885aa9c49e50fc38eaba2c2389f2f1019
  EXFont: 06df627203afcb8a3b3152ec06eb2f11f46f0cff
  EXMediaLibrary: e8c8a365701629b7b21dd29769b86e8320610f18
  Expo: 7ac824960a6059d6c68e73f432c8e6bf6d92a0ef
  ExpoKeepAwake: 0e8f18142e71bbf2c7f6aa66ebed249ba1420320
  ExpoModulesCore: 39ec590ce622289c060183aba57f77b1e73b4e11
  EXSplashScreen: 799bece80089219b2c989c1082d70f3b00995cda
  FBLazyVector: 739d2f9719faecb463c7aa191591af31c8c94182
  FBReactNativeSpec: 957de82f66e31f2f14bbec34e37242282fdd26de
  fmt: ff9d55029c625d3757ed641535fd4a75fedc7ce9
  glog: 3d02b25ca00c2d456734d0bcff864cbc62f6ae1a
  hermes-engine: c2c873a670bc435451449f918c2b3ab3c39255fc
  libevent: 4049cae6c81cdb3654a443be001fb9bdceff7913
  lottie-ios: 8f97d3271e155c2d688875c29cd3c74908aef5f8
  lottie-react-native: b702fab740cdb952a8e2354713d3beda63ff97b0
  RCT-Folly: b9d9fe1fc70114b751c076104e52f3b1b5e5a95a
  RCTRequired: c8c080849a3670601d5c7056023a2176067a69d8
  RCTTypeSafety: 710aef40f5ae246bc5fff7e873855b17ed11c180
  React: b6bb382534be4de9d367ef3d04f92108c1768160
  React-bridging: 0fca0337cef9305026814907dd29254a833a2db7
  React-callinvoker: 700e6eb96b5f7f2fdd96d7263cd4627d2fa080ed
  React-Codegen: fd21633c4b9f47d0681bbb54b173a203963a5e4d
  React-Core: 8ec15c9727c8c01b1e4f14cad5bd21f7c1d56d49
  React-CoreModules: 79486447bf901292a83df52d4f7acbecda296723
  React-cxxreact: 9022135650dd9960a60a1361e9add424c6c37ab9
  React-hermes: b5ce7fb460ff6d39e7bb9bbe1f523272c4b85c0b
  React-jsi: 4ccb3599c422ad071e3895c5feab9b0afc40505d
  React-jsiexecutor: c61b60de03b3474e5749b8a8fd8e6507630d62c4
  React-jsinspector: eaacb698c5af7a99131bc1933806372c20222dfd
  React-logger: ebb4d31bbbe4f1a8a1a9b658d7429210b8f68160
  react-native-document-picker: f5ec1a712ca2a975c233117f044817bb8393cad4
  react-native-safe-area-context: 6c12e3859b6f27b25de4fee8201cfb858432d8de
  React-perflogger: 1fb1ad5333b43a5137afd7608695f7a42c5efd27
  React-RCTActionSheet: a435bd67689433575a1e5d7614b021d2c17f0726
  React-RCTAnimation: d097c5ed2d00735958508617555abd85183b94e2
  React-RCTBlob: f43a0fceb328e1a40aa52701a4eba955635444ab
  React-RCTImage: 08f4428e931efe0eefb94443c8ca08cfb250a556
  React-RCTLinking: 3a8851e818652582f87e5a7577302e6ad7e1de3e
  React-RCTNetwork: 19f7c66b612e2336eefdfbc7ab3a9bd8ca4e21cf
  React-RCTSettings: 9324e718a865ff01e4a96be4c65923581b2d5170
  React-RCTText: 9cadcd5d982c1d25f7439f47354b1c1b75e60105
  React-RCTVibration: 285f8538386c660e6b9497e204636acd93bf7fcc
  React-runtimeexecutor: 0af71c94f968fa10015bf0119951bccd2e4d8865
  ReactCommon: fe7580b9d10f00249facf25659e0ec051320cc8a
  RNCAsyncStorage: 0c357f3156fcb16c8589ede67cc036330b6698ca
  RNCMaskedView: bc0170f389056201c82a55e242e5d90070e18e5a
  RNFlashList: 18d906a373da5ff16776e5013df9495d826edc7e
  RNFS: 4ac0f0ea233904cb798630b3c077808c06931688
  RNGestureHandler: bad495418bcbd3ab47017a38d93d290ebd406f50
  RNReanimated: 7faa787e8d4493fbc95fab2ad331fa7625828cfa
  RNScreens: 4a1af06327774490d97342c00aee0c2bafb497b7
  RNSVG: 42a0c731b11179ebbd27a3eeeafa7201ebb476ff
  Yoga: 75bf4b0131cfb46a659cd0c13309b79a6fcff66d

PODFILE CHECKSUM: b77befb1871220c1a94408eeae0857d78b685698

COCOAPODS: 1.11.3
