{
  "object": {
    "pins": [
      {
        "package": "SwiftRs",
        "repositoryURL": "https://github.com/brendonovich/swift-rs",
        "state": {
          "branch": null,
          "revision": "c3003bc0c28a6742d3da341b61887d8e072fda0a",
          "version": null
        }
      }
    ]
  },
  "version": 1
}
