{
  "object": {
    "pins": [
      {
        "package": "SwiftRs",
        "repositoryURL": "https://github.com/brendonovich/swift-rs",
        "state": {
          "branch": "specta",
          "revision": "dbefee04115083ad283d1640cdceca3036c41042",
          "version": null
        }
      }
    ]
  },
  "version": 1
}
