{
  "object": {
    "pins": [
      {
        "package": "SwiftRs",
        "repositoryURL": "https://github.com/Brendonovich/swift-rs",
        "state": {
          "branch": null,
          "revision": "9715ca6981d1f57f3696ca5c740fa14c8be5d1ec",
          "version": "0.2.1"
        }
      }
    ]
  },
  "version": 1
}
