{
  "object": {
    "pins": [
      {
        "package": "SwiftRs",
        "repositoryURL": "https://github.com/Brendonovich/swift-rs",
        "state": {
          "branch": null,
          "revision": "7e856764418a5ea2b452146e8c6c65937f32e2e3",
          "version": "0.2.3"
        }
      }
    ]
  },
  "version": 1
}
